
Microsoft Visual Studio Solution File, Format Version 12.00
# Visual Studio Version 16
VisualStudioVersion = 16.0.32228.343
MinimumVisualStudioVersion = 10.0.40219.1
Project("{A07B5EB6-E848-4116-A8D0-A826331D98C6}") = "RecommendationApp", "RecommendationApp\RecommendationApp.sfproj", "{21B7F782-43EB-4613-8D3C-7EB2DEBCDEC3}"
EndProject
Project("{9A19103F-16F7-4668-BE54-9A1E7A4F7556}") = "Client", "Client\Client.csproj", "{F197FC35-6849-4CD8-9F81-FC2E36E95B7A}"
EndProject
Project("{FAE04EC0-301F-11D3-BF4B-00C04F79EFBC}") = "RecommendationService", "RecommendationService\RecommendationService.csproj", "{2531F1C3-F4A2-4265-A3F8-E62789F677CE}"
EndProject
Project("{9A19103F-16F7-4668-BE54-9A1E7A4F7556}") = "Common", "Common\Common.csproj", "{5920A822-33C6-4EC7-83AE-01A6A89BD198}"
EndProject
Project("{FAE04EC0-301F-11D3-BF4B-00C04F79EFBC}") = "WeatherService", "WeatherService\WeatherService.csproj", "{5AD04E2A-ACF9-40D0-8618-4DBAEA903693}"
EndProject
Project("{FAE04EC0-301F-11D3-BF4B-00C04F79EFBC}") = "DatabaseService", "DatabaseService\DatabaseService.csproj", "{7F9233F5-ED31-401B-99E6-E7389A6A97E0}"
EndProject
Global
	GlobalSection(SolutionConfigurationPlatforms) = preSolution
		Debug|Any CPU = Debug|Any CPU
		Debug|x64 = Debug|x64
		Release|Any CPU = Release|Any CPU
		Release|x64 = Release|x64
	EndGlobalSection
	GlobalSection(ProjectConfigurationPlatforms) = postSolution
		{21B7F782-43EB-4613-8D3C-7EB2DEBCDEC3}.Debug|Any CPU.ActiveCfg = Debug|x64
		{21B7F782-43EB-4613-8D3C-7EB2DEBCDEC3}.Debug|x64.ActiveCfg = Debug|x64
		{21B7F782-43EB-4613-8D3C-7EB2DEBCDEC3}.Debug|x64.Build.0 = Debug|x64
		{21B7F782-43EB-4613-8D3C-7EB2DEBCDEC3}.Debug|x64.Deploy.0 = Debug|x64
		{21B7F782-43EB-4613-8D3C-7EB2DEBCDEC3}.Release|Any CPU.ActiveCfg = Release|x64
		{21B7F782-43EB-4613-8D3C-7EB2DEBCDEC3}.Release|x64.ActiveCfg = Release|x64
		{21B7F782-43EB-4613-8D3C-7EB2DEBCDEC3}.Release|x64.Build.0 = Release|x64
		{21B7F782-43EB-4613-8D3C-7EB2DEBCDEC3}.Release|x64.Deploy.0 = Release|x64
		{F197FC35-6849-4CD8-9F81-FC2E36E95B7A}.Debug|Any CPU.ActiveCfg = Debug|Any CPU
		{F197FC35-6849-4CD8-9F81-FC2E36E95B7A}.Debug|Any CPU.Build.0 = Debug|Any CPU
		{F197FC35-6849-4CD8-9F81-FC2E36E95B7A}.Debug|x64.ActiveCfg = Debug|Any CPU
		{F197FC35-6849-4CD8-9F81-FC2E36E95B7A}.Debug|x64.Build.0 = Debug|Any CPU
		{F197FC35-6849-4CD8-9F81-FC2E36E95B7A}.Release|Any CPU.ActiveCfg = Release|Any CPU
		{F197FC35-6849-4CD8-9F81-FC2E36E95B7A}.Release|Any CPU.Build.0 = Release|Any CPU
		{F197FC35-6849-4CD8-9F81-FC2E36E95B7A}.Release|x64.ActiveCfg = Release|Any CPU
		{F197FC35-6849-4CD8-9F81-FC2E36E95B7A}.Release|x64.Build.0 = Release|Any CPU
		{2531F1C3-F4A2-4265-A3F8-E62789F677CE}.Debug|Any CPU.ActiveCfg = Debug|x64
		{2531F1C3-F4A2-4265-A3F8-E62789F677CE}.Debug|x64.ActiveCfg = Debug|x64
		{2531F1C3-F4A2-4265-A3F8-E62789F677CE}.Debug|x64.Build.0 = Debug|x64
		{2531F1C3-F4A2-4265-A3F8-E62789F677CE}.Release|Any CPU.ActiveCfg = Release|x64
		{2531F1C3-F4A2-4265-A3F8-E62789F677CE}.Release|x64.ActiveCfg = Release|x64
		{2531F1C3-F4A2-4265-A3F8-E62789F677CE}.Release|x64.Build.0 = Release|x64
		{5920A822-33C6-4EC7-83AE-01A6A89BD198}.Debug|Any CPU.ActiveCfg = Debug|Any CPU
		{5920A822-33C6-4EC7-83AE-01A6A89BD198}.Debug|Any CPU.Build.0 = Debug|Any CPU
		{5920A822-33C6-4EC7-83AE-01A6A89BD198}.Debug|x64.ActiveCfg = Debug|Any CPU
		{5920A822-33C6-4EC7-83AE-01A6A89BD198}.Debug|x64.Build.0 = Debug|Any CPU
		{5920A822-33C6-4EC7-83AE-01A6A89BD198}.Release|Any CPU.ActiveCfg = Release|Any CPU
		{5920A822-33C6-4EC7-83AE-01A6A89BD198}.Release|Any CPU.Build.0 = Release|Any CPU
		{5920A822-33C6-4EC7-83AE-01A6A89BD198}.Release|x64.ActiveCfg = Release|Any CPU
		{5920A822-33C6-4EC7-83AE-01A6A89BD198}.Release|x64.Build.0 = Release|Any CPU
		{5AD04E2A-ACF9-40D0-8618-4DBAEA903693}.Debug|Any CPU.ActiveCfg = Debug|x64
		{5AD04E2A-ACF9-40D0-8618-4DBAEA903693}.Debug|x64.ActiveCfg = Debug|x64
		{5AD04E2A-ACF9-40D0-8618-4DBAEA903693}.Debug|x64.Build.0 = Debug|x64
		{5AD04E2A-ACF9-40D0-8618-4DBAEA903693}.Release|Any CPU.ActiveCfg = Release|x64
		{5AD04E2A-ACF9-40D0-8618-4DBAEA903693}.Release|x64.ActiveCfg = Release|x64
		{5AD04E2A-ACF9-40D0-8618-4DBAEA903693}.Release|x64.Build.0 = Release|x64
		{7F9233F5-ED31-401B-99E6-E7389A6A97E0}.Debug|Any CPU.ActiveCfg = Debug|x64
		{7F9233F5-ED31-401B-99E6-E7389A6A97E0}.Debug|x64.ActiveCfg = Debug|x64
		{7F9233F5-ED31-401B-99E6-E7389A6A97E0}.Debug|x64.Build.0 = Debug|x64
		{7F9233F5-ED31-401B-99E6-E7389A6A97E0}.Release|Any CPU.ActiveCfg = Release|x64
		{7F9233F5-ED31-401B-99E6-E7389A6A97E0}.Release|x64.ActiveCfg = Release|x64
		{7F9233F5-ED31-401B-99E6-E7389A6A97E0}.Release|x64.Build.0 = Release|x64
	EndGlobalSection
	GlobalSection(SolutionProperties) = preSolution
		HideSolutionNode = FALSE
	EndGlobalSection
	GlobalSection(ExtensibilityGlobals) = postSolution
		SolutionGuid = {781E3CC8-431C-4129-A31A-29D7EEFFDD68}
	EndGlobalSection
EndGlobal
